// !$*UTF8*$!
{
	archiveVersion = 1;
	classes = {
	};
	objectVersion = 56;
	objects = {

/* Begin PBXBuildFile section */
		1A3D0D05294C2A2E00FBFC07 /* PopUpControllerViewController.swift in Sources */ = {isa = PBXBuildFile; fileRef = 1A3D0D04294C2A2E00FBFC07 /* PopUpControllerViewController.swift */; };
		1A86AF7B2947872800C30138 /* AppDelegate.swift in Sources */ = {isa = PBXBuildFile; fileRef = 1A86AF7A2947872800C30138 /* AppDelegate.swift */; };
		1A86AF7D2947872800C30138 /* SceneDelegate.swift in Sources */ = {isa = PBXBuildFile; fileRef = 1A86AF7C2947872800C30138 /* SceneDelegate.swift */; };
		1A86AF7F2947872800C30138 /* ViewController.swift in Sources */ = {isa = PBXBuildFile; fileRef = 1A86AF7E2947872800C30138 /* ViewController.swift */; };
		1A86AF822947872800C30138 /* Main.storyboard in Resources */ = {isa = PBXBuildFile; fileRef = 1A86AF802947872800C30138 /* Main.storyboard */; };
		1A86AF852947872800C30138 /* Tutorial3478.xcdatamodeld in Sources */ = {isa = PBXBuildFile; fileRef = 1A86AF832947872800C30138 /* Tutorial3478.xcdatamodeld */; };
		1A86AF872947872900C30138 /* Assets.xcassets in Resources */ = {isa = PBXBuildFile; fileRef = 1A86AF862947872900C30138 /* Assets.xcassets */; };
		1A86AF8A2947872A00C30138 /* LaunchScreen.storyboard in Resources */ = {isa = PBXBuildFile; fileRef = 1A86AF882947872A00C30138 /* LaunchScreen.storyboard */; };
		1A86AF952947872A00C30138 /* Tutorial3478Tests.swift in Sources */ = {isa = PBXBuildFile; fileRef = 1A86AF942947872A00C30138 /* Tutorial3478Tests.swift */; };
		1A86AF9F2947872A00C30138 /* Tutorial3478UITests.swift in Sources */ = {isa = PBXBuildFile; fileRef = 1A86AF9E2947872A00C30138 /* Tutorial3478UITests.swift */; };
		1A86AFA12947872A00C30138 /* Tutorial3478UITestsLaunchTests.swift in Sources */ = {isa = PBXBuildFile; fileRef = 1A86AFA02947872A00C30138 /* Tutorial3478UITestsLaunchTests.swift */; };
		1A86AFB1294817A500C30138 /* SongTableViewCell.swift in Sources */ = {isa = PBXBuildFile; fileRef = 1A86AFB0294817A500C30138 /* SongTableViewCell.swift */; };
		1A86AFB329481BDA00C30138 /* ListOfSongViewController.swift in Sources */ = {isa = PBXBuildFile; fileRef = 1A86AFB229481BDA00C30138 /* ListOfSongViewController.swift */; };
		1AD44A4929484E9E0066AFA6 /* DetailSongViewController.swift in Sources */ = {isa = PBXBuildFile; fileRef = 1AD44A4829484E9E0066AFA6 /* DetailSongViewController.swift */; };
		1AD44A51294867DF0066AFA6 /* Song.swift in Sources */ = {isa = PBXBuildFile; fileRef = 1AD44A50294867DF0066AFA6 /* Song.swift */; };
		1AD44A5529487E4A0066AFA6 /* CircleUIButton.swift in Sources */ = {isa = PBXBuildFile; fileRef = 1AD44A5429487E4A0066AFA6 /* CircleUIButton.swift */; };
		1AD44A59294AC42E0066AFA6 /* HayTraoChoAnh-SonTungMTPSnoopDogg-6010660.mp3 in Resources */ = {isa = PBXBuildFile; fileRef = 1AD44A58294AC42E0066AFA6 /* HayTraoChoAnh-SonTungMTPSnoopDogg-6010660.mp3 */; };
		1AD44A5B294ACF5A0066AFA6 /* GlassAnimal.mp3 in Resources */ = {isa = PBXBuildFile; fileRef = 1AD44A5A294ACF5A0066AFA6 /* GlassAnimal.mp3 */; };
		1AD44A5F294ACF870066AFA6 /* saoCungDc.mp3 in Resources */ = {isa = PBXBuildFile; fileRef = 1AD44A5C294ACF870066AFA6 /* saoCungDc.mp3 */; };
		1AD44A60294ACF870066AFA6 /* StarBoy.mp3 in Resources */ = {isa = PBXBuildFile; fileRef = 1AD44A5D294ACF870066AFA6 /* StarBoy.mp3 */; };
		1AD44A61294ACF870066AFA6 /* ConMuaNgangQua.mp3 in Resources */ = {isa = PBXBuildFile; fileRef = 1AD44A5E294ACF870066AFA6 /* ConMuaNgangQua.mp3 */; };
/* End PBXBuildFile section */

/* Begin PBXContainerItemProxy section */
		1A86AF912947872A00C30138 /* PBXContainerItemProxy */ = {
			isa = PBXContainerItemProxy;
			containerPortal = 1A86AF6F2947872800C30138 /* Project object */;
			proxyType = 1;
			remoteGlobalIDString = 1A86AF762947872800C30138;
			remoteInfo = Tutorial3478;
		};
		1A86AF9B2947872A00C30138 /* PBXContainerItemProxy */ = {
			isa = PBXContainerItemProxy;
			containerPortal = 1A86AF6F2947872800C30138 /* Project object */;
			proxyType = 1;
			remoteGlobalIDString = 1A86AF762947872800C30138;
			remoteInfo = Tutorial3478;
		};
/* End PBXContainerItemProxy section */

/* Begin PBXFileReference section */
		1A3D0D04294C2A2E00FBFC07 /* PopUpControllerViewController.swift */ = {isa = PBXFileReference; lastKnownFileType = sourcecode.swift; path = PopUpControllerViewController.swift; sourceTree = "<group>"; };

		1A86AF772947872800C30138 /* Tutorial3478.app */ = {isa = PBXFileReference; explicitFileType = wrapper.application; includeInIndex = 0; path = Tutorial3478.app; sourceTree = BUILT_PRODUCTS_DIR; };
		1A86AF7A2947872800C30138 /* AppDelegate.swift */ = {isa = PBXFileReference; lastKnownFileType = sourcecode.swift; path = AppDelegate.swift; sourceTree = "<group>"; };
		1A86AF7C2947872800C30138 /* SceneDelegate.swift */ = {isa = PBXFileReference; lastKnownFileType = sourcecode.swift; path = SceneDelegate.swift; sourceTree = "<group>"; };
		1A86AF7E2947872800C30138 /* ViewController.swift */ = {isa = PBXFileReference; lastKnownFileType = sourcecode.swift; path = ViewController.swift; sourceTree = "<group>"; };
		1A86AF812947872800C30138 /* Base */ = {isa = PBXFileReference; lastKnownFileType = file.storyboard; name = Base; path = Base.lproj/Main.storyboard; sourceTree = "<group>"; };
		1A86AF842947872800C30138 /* Tutorial3478.xcdatamodel */ = {isa = PBXFileReference; lastKnownFileType = wrapper.xcdatamodel; path = Tutorial3478.xcdatamodel; sourceTree = "<group>"; };
		1A86AF862947872900C30138 /* Assets.xcassets */ = {isa = PBXFileReference; lastKnownFileType = folder.assetcatalog; path = Assets.xcassets; sourceTree = "<group>"; };
		1A86AF892947872A00C30138 /* Base */ = {isa = PBXFileReference; lastKnownFileType = file.storyboard; name = Base; path = Base.lproj/LaunchScreen.storyboard; sourceTree = "<group>"; };
		1A86AF8B2947872A00C30138 /* Info.plist */ = {isa = PBXFileReference; lastKnownFileType = text.plist.xml; path = Info.plist; sourceTree = "<group>"; };
		1A86AF902947872A00C30138 /* Tutorial3478Tests.xctest */ = {isa = PBXFileReference; explicitFileType = wrapper.cfbundle; includeInIndex = 0; path = Tutorial3478Tests.xctest; sourceTree = BUILT_PRODUCTS_DIR; };
		1A86AF942947872A00C30138 /* Tutorial3478Tests.swift */ = {isa = PBXFileReference; lastKnownFileType = sourcecode.swift; path = Tutorial3478Tests.swift; sourceTree = "<group>"; };
		1A86AF9A2947872A00C30138 /* Tutorial3478UITests.xctest */ = {isa = PBXFileReference; explicitFileType = wrapper.cfbundle; includeInIndex = 0; path = Tutorial3478UITests.xctest; sourceTree = BUILT_PRODUCTS_DIR; };
		1A86AF9E2947872A00C30138 /* Tutorial3478UITests.swift */ = {isa = PBXFileReference; lastKnownFileType = sourcecode.swift; path = Tutorial3478UITests.swift; sourceTree = "<group>"; };
		1A86AFA02947872A00C30138 /* Tutorial3478UITestsLaunchTests.swift */ = {isa = PBXFileReference; lastKnownFileType = sourcecode.swift; path = Tutorial3478UITestsLaunchTests.swift; sourceTree = "<group>"; };
		1A86AFB0294817A500C30138 /* SongTableViewCell.swift */ = {isa = PBXFileReference; lastKnownFileType = sourcecode.swift; path = SongTableViewCell.swift; sourceTree = "<group>"; };
		1A86AFB229481BDA00C30138 /* ListOfSongViewController.swift */ = {isa = PBXFileReference; lastKnownFileType = sourcecode.swift; path = ListOfSongViewController.swift; sourceTree = "<group>"; };
		1AD44A4829484E9E0066AFA6 /* DetailSongViewController.swift */ = {isa = PBXFileReference; lastKnownFileType = sourcecode.swift; path = DetailSongViewController.swift; sourceTree = "<group>"; };
		1AD44A50294867DF0066AFA6 /* Song.swift */ = {isa = PBXFileReference; lastKnownFileType = sourcecode.swift; path = Song.swift; sourceTree = "<group>"; };
		1AD44A5429487E4A0066AFA6 /* CircleUIButton.swift */ = {isa = PBXFileReference; lastKnownFileType = sourcecode.swift; path = CircleUIButton.swift; sourceTree = "<group>"; };
		1AD44A58294AC42E0066AFA6 /* HayTraoChoAnh-SonTungMTPSnoopDogg-6010660.mp3 */ = {isa = PBXFileReference; lastKnownFileType = audio.mp3; path = "HayTraoChoAnh-SonTungMTPSnoopDogg-6010660.mp3"; sourceTree = "<group>"; };
		1AD44A5A294ACF5A0066AFA6 /* GlassAnimal.mp3 */ = {isa = PBXFileReference; lastKnownFileType = audio.mp3; path = GlassAnimal.mp3; sourceTree = "<group>"; };
		1AD44A5C294ACF870066AFA6 /* saoCungDc.mp3 */ = {isa = PBXFileReference; lastKnownFileType = audio.mp3; path = saoCungDc.mp3; sourceTree = "<group>"; };
		1AD44A5D294ACF870066AFA6 /* StarBoy.mp3 */ = {isa = PBXFileReference; lastKnownFileType = audio.mp3; path = StarBoy.mp3; sourceTree = "<group>"; };
		1AD44A5E294ACF870066AFA6 /* ConMuaNgangQua.mp3 */ = {isa = PBXFileReference; lastKnownFileType = audio.mp3; path = ConMuaNgangQua.mp3; sourceTree = "<group>"; };
/* End PBXFileReference section */

/* Begin PBXFrameworksBuildPhase section */
		1A86AF742947872800C30138 /* Frameworks */ = {
			isa = PBXFrameworksBuildPhase;
			buildActionMask = 2147483647;
			files = (
			);
			runOnlyForDeploymentPostprocessing = 0;
		};
		1A86AF8D2947872A00C30138 /* Frameworks */ = {
			isa = PBXFrameworksBuildPhase;
			buildActionMask = 2147483647;
			files = (
			);
			runOnlyForDeploymentPostprocessing = 0;
		};
		1A86AF972947872A00C30138 /* Frameworks */ = {
			isa = PBXFrameworksBuildPhase;
			buildActionMask = 2147483647;
			files = (
			);
			runOnlyForDeploymentPostprocessing = 0;
		};
/* End PBXFrameworksBuildPhase section */

/* Begin PBXGroup section */
		1A86AF6E2947872800C30138 = {
			isa = PBXGroup;
			children = (
				1A86AF792947872800C30138 /* Tutorial3478 */,
				1A86AF932947872A00C30138 /* Tutorial3478Tests */,
				1A86AF9D2947872A00C30138 /* Tutorial3478UITests */,
				1A86AF782947872800C30138 /* Products */,
			);
			sourceTree = "<group>";
		};
		1A86AF782947872800C30138 /* Products */ = {
			isa = PBXGroup;
			children = (
				1A86AF772947872800C30138 /* Tutorial3478.app */,
				1A86AF902947872A00C30138 /* Tutorial3478Tests.xctest */,
				1A86AF9A2947872A00C30138 /* Tutorial3478UITests.xctest */,
			);
			name = Products;
			sourceTree = "<group>";
		};
		1A86AF792947872800C30138 /* Tutorial3478 */ = {
			isa = PBXGroup;
			children = (
				1AD44A4F294867AE0066AFA6 /* models */,
				1AD44A4C29485CC90066AFA6 /* Audio */,
				1AD44A4729484E850066AFA6 /* DetailSong */,
				1A86AFAF2948177200C30138 /* ListSong */,
				1A86AF7A2947872800C30138 /* AppDelegate.swift */,
				1A86AF7C2947872800C30138 /* SceneDelegate.swift */,
				1A86AF7E2947872800C30138 /* ViewController.swift */,
				1A86AF802947872800C30138 /* Main.storyboard */,
				1A86AF862947872900C30138 /* Assets.xcassets */,
				1A86AF882947872A00C30138 /* LaunchScreen.storyboard */,
				1A86AF8B2947872A00C30138 /* Info.plist */,
				1A86AF832947872800C30138 /* Tutorial3478.xcdatamodeld */,
			);
			path = Tutorial3478;
			sourceTree = "<group>";
		};
		1A86AF932947872A00C30138 /* Tutorial3478Tests */ = {
			isa = PBXGroup;
			children = (
				1A86AF942947872A00C30138 /* Tutorial3478Tests.swift */,
			);
			path = Tutorial3478Tests;
			sourceTree = "<group>";
		};
		1A86AF9D2947872A00C30138 /* Tutorial3478UITests */ = {
			isa = PBXGroup;
			children = (
				1A86AF9E2947872A00C30138 /* Tutorial3478UITests.swift */,
				1A86AFA02947872A00C30138 /* Tutorial3478UITestsLaunchTests.swift */,
			);
			path = Tutorial3478UITests;
			sourceTree = "<group>";
		};
		1A86AFAF2948177200C30138 /* ListSong */ = {
			isa = PBXGroup;
			children = (
				1A86AFB0294817A500C30138 /* SongTableViewCell.swift */,
				1A86AFB229481BDA00C30138 /* ListOfSongViewController.swift */,
			);
			path = ListSong;
			sourceTree = "<group>";
		};
		1AD44A4729484E850066AFA6 /* DetailSong */ = {
			isa = PBXGroup;
			children = (
				1AD44A4829484E9E0066AFA6 /* DetailSongViewController.swift */,
				1AD44A5429487E4A0066AFA6 /* CircleUIButton.swift */,
				1A3D0D04294C2A2E00FBFC07 /* PopUpControllerViewController.swift */,

			);
			path = DetailSong;
			sourceTree = "<group>";
		};
		1AD44A4C29485CC90066AFA6 /* Audio */ = {
			isa = PBXGroup;
			children = (
				1AD44A5A294ACF5A0066AFA6 /* GlassAnimal.mp3 */,
				1AD44A5E294ACF870066AFA6 /* ConMuaNgangQua.mp3 */,
				1AD44A5C294ACF870066AFA6 /* saoCungDc.mp3 */,
				1AD44A5D294ACF870066AFA6 /* StarBoy.mp3 */,
				1AD44A58294AC42E0066AFA6 /* HayTraoChoAnh-SonTungMTPSnoopDogg-6010660.mp3 */,
			);
			path = Audio;
			sourceTree = "<group>";
		};
		1AD44A4F294867AE0066AFA6 /* models */ = {
			isa = PBXGroup;
			children = (
				1AD44A50294867DF0066AFA6 /* Song.swift */,
			);
			path = models;
			sourceTree = "<group>";
		};
/* End PBXGroup section */

/* Begin PBXNativeTarget section */
		1A86AF762947872800C30138 /* Tutorial3478 */ = {
			isa = PBXNativeTarget;
			buildConfigurationList = 1A86AFA42947872A00C30138 /* Build configuration list for PBXNativeTarget "Tutorial3478" */;
			buildPhases = (
				1A86AF732947872800C30138 /* Sources */,
				1A86AF742947872800C30138 /* Frameworks */,
				1A86AF752947872800C30138 /* Resources */,
			);
			buildRules = (
			);
			dependencies = (
			);
			name = Tutorial3478;
			productName = Tutorial3478;
			productReference = 1A86AF772947872800C30138 /* Tutorial3478.app */;
			productType = "com.apple.product-type.application";
		};
		1A86AF8F2947872A00C30138 /* Tutorial3478Tests */ = {
			isa = PBXNativeTarget;
			buildConfigurationList = 1A86AFA72947872A00C30138 /* Build configuration list for PBXNativeTarget "Tutorial3478Tests" */;
			buildPhases = (
				1A86AF8C2947872A00C30138 /* Sources */,
				1A86AF8D2947872A00C30138 /* Frameworks */,
				1A86AF8E2947872A00C30138 /* Resources */,
			);
			buildRules = (
			);
			dependencies = (
				1A86AF922947872A00C30138 /* PBXTargetDependency */,
			);
			name = Tutorial3478Tests;
			productName = Tutorial3478Tests;
			productReference = 1A86AF902947872A00C30138 /* Tutorial3478Tests.xctest */;
			productType = "com.apple.product-type.bundle.unit-test";
		};
		1A86AF992947872A00C30138 /* Tutorial3478UITests */ = {
			isa = PBXNativeTarget;
			buildConfigurationList = 1A86AFAA2947872A00C30138 /* Build configuration list for PBXNativeTarget "Tutorial3478UITests" */;
			buildPhases = (
				1A86AF962947872A00C30138 /* Sources */,
				1A86AF972947872A00C30138 /* Frameworks */,
				1A86AF982947872A00C30138 /* Resources */,
			);
			buildRules = (
			);
			dependencies = (
				1A86AF9C2947872A00C30138 /* PBXTargetDependency */,
			);
			name = Tutorial3478UITests;
			productName = Tutorial3478UITests;
			productReference = 1A86AF9A2947872A00C30138 /* Tutorial3478UITests.xctest */;
			productType = "com.apple.product-type.bundle.ui-testing";
		};
/* End PBXNativeTarget section */

/* Begin PBXProject section */
		1A86AF6F2947872800C30138 /* Project object */ = {
			isa = PBXProject;
			attributes = {
				BuildIndependentTargetsInParallel = 1;
				LastSwiftUpdateCheck = 1410;
				LastUpgradeCheck = 1410;
				TargetAttributes = {
					1A86AF762947872800C30138 = {
						CreatedOnToolsVersion = 14.1;
					};
					1A86AF8F2947872A00C30138 = {
						CreatedOnToolsVersion = 14.1;
						TestTargetID = 1A86AF762947872800C30138;
					};
					1A86AF992947872A00C30138 = {
						CreatedOnToolsVersion = 14.1;
						TestTargetID = 1A86AF762947872800C30138;
					};
				};
			};
			buildConfigurationList = 1A86AF722947872800C30138 /* Build configuration list for PBXProject "Tutorial3478" */;
			compatibilityVersion = "Xcode 14.0";
			developmentRegion = en;
			hasScannedForEncodings = 0;
			knownRegions = (
				en,
				Base,
			);
			mainGroup = 1A86AF6E2947872800C30138;
			productRefGroup = 1A86AF782947872800C30138 /* Products */;
			projectDirPath = "";
			projectRoot = "";
			targets = (
				1A86AF762947872800C30138 /* Tutorial3478 */,
				1A86AF8F2947872A00C30138 /* Tutorial3478Tests */,
				1A86AF992947872A00C30138 /* Tutorial3478UITests */,
			);
		};
/* End PBXProject section */

/* Begin PBXResourcesBuildPhase section */
		1A86AF752947872800C30138 /* Resources */ = {
			isa = PBXResourcesBuildPhase;
			buildActionMask = 2147483647;
			files = (
				1AD44A5F294ACF870066AFA6 /* saoCungDc.mp3 in Resources */,
				1AD44A60294ACF870066AFA6 /* StarBoy.mp3 in Resources */,
				1A86AF8A2947872A00C30138 /* LaunchScreen.storyboard in Resources */,
				1A86AF872947872900C30138 /* Assets.xcassets in Resources */,
				1A86AF822947872800C30138 /* Main.storyboard in Resources */,
				1A3D0D07294C441600FBFC07 /* PopUpScreen.storyboard in Resources */,
				1AD44A59294AC42E0066AFA6 /* HayTraoChoAnh-SonTungMTPSnoopDogg-6010660.mp3 in Resources */,
				1AD44A61294ACF870066AFA6 /* ConMuaNgangQua.mp3 in Resources */,
				1AD44A5B294ACF5A0066AFA6 /* GlassAnimal.mp3 in Resources */,
			);
			runOnlyForDeploymentPostprocessing = 0;
		};
		1A86AF8E2947872A00C30138 /* Resources */ = {
			isa = PBXResourcesBuildPhase;
			buildActionMask = 2147483647;
			files = (
			);
			runOnlyForDeploymentPostprocessing = 0;
		};
		1A86AF982947872A00C30138 /* Resources */ = {
			isa = PBXResourcesBuildPhase;
			buildActionMask = 2147483647;
			files = (
			);
			runOnlyForDeploymentPostprocessing = 0;
		};
/* End PBXResourcesBuildPhase section */

/* Begin PBXSourcesBuildPhase section */
		1A86AF732947872800C30138 /* Sources */ = {
			isa = PBXSourcesBuildPhase;
			buildActionMask = 2147483647;
			files = (
				1AD44A4929484E9E0066AFA6 /* DetailSongViewController.swift in Sources */,
				1A3D0D05294C2A2E00FBFC07 /* PopUpControllerViewController.swift in Sources */,
				1A86AFB1294817A500C30138 /* SongTableViewCell.swift in Sources */,
				1AD44A5529487E4A0066AFA6 /* CircleUIButton.swift in Sources */,
				1A86AF7F2947872800C30138 /* ViewController.swift in Sources */,
				1A86AFB329481BDA00C30138 /* ListOfSongViewController.swift in Sources */,
				1AD44A51294867DF0066AFA6 /* Song.swift in Sources */,
				1A86AF7B2947872800C30138 /* AppDelegate.swift in Sources */,
				1A86AF7D2947872800C30138 /* SceneDelegate.swift in Sources */,
				1A86AF852947872800C30138 /* Tutorial3478.xcdatamodeld in Sources */,
			);
			runOnlyForDeploymentPostprocessing = 0;
		};
		1A86AF8C2947872A00C30138 /* Sources */ = {
			isa = PBXSourcesBuildPhase;
			buildActionMask = 2147483647;
			files = (
				1A86AF952947872A00C30138 /* Tutorial3478Tests.swift in Sources */,
			);
			runOnlyForDeploymentPostprocessing = 0;
		};
		1A86AF962947872A00C30138 /* Sources */ = {
			isa = PBXSourcesBuildPhase;
			buildActionMask = 2147483647;
			files = (
				1A86AFA12947872A00C30138 /* Tutorial3478UITestsLaunchTests.swift in Sources */,
				1A86AF9F2947872A00C30138 /* Tutorial3478UITests.swift in Sources */,
			);
			runOnlyForDeploymentPostprocessing = 0;
		};
/* End PBXSourcesBuildPhase section */

/* Begin PBXTargetDependency section */
		1A86AF922947872A00C30138 /* PBXTargetDependency */ = {
			isa = PBXTargetDependency;
			target = 1A86AF762947872800C30138 /* Tutorial3478 */;
			targetProxy = 1A86AF912947872A00C30138 /* PBXContainerItemProxy */;
		};
		1A86AF9C2947872A00C30138 /* PBXTargetDependency */ = {
			isa = PBXTargetDependency;
			target = 1A86AF762947872800C30138 /* Tutorial3478 */;
			targetProxy = 1A86AF9B2947872A00C30138 /* PBXContainerItemProxy */;
		};
/* End PBXTargetDependency section */

/* Begin PBXVariantGroup section */
		1A86AF802947872800C30138 /* Main.storyboard */ = {
			isa = PBXVariantGroup;
			children = (
				1A86AF812947872800C30138 /* Base */,
			);
			name = Main.storyboard;
			sourceTree = "<group>";
		};
		1A86AF882947872A00C30138 /* LaunchScreen.storyboard */ = {
			isa = PBXVariantGroup;
			children = (
				1A86AF892947872A00C30138 /* Base */,
			);
			name = LaunchScreen.storyboard;
			sourceTree = "<group>";
		};
/* End PBXVariantGroup section */

/* Begin XCBuildConfiguration section */
		1A86AFA22947872A00C30138 /* Debug */ = {
			isa = XCBuildConfiguration;
			buildSettings = {
				ALWAYS_SEARCH_USER_PATHS = NO;
				CLANG_ANALYZER_NONNULL = YES;
				CLANG_ANALYZER_NUMBER_OBJECT_CONVERSION = YES_AGGRESSIVE;
				CLANG_CXX_LANGUAGE_STANDARD = "gnu++20";
				CLANG_ENABLE_MODULES = YES;
				CLANG_ENABLE_OBJC_ARC = YES;
				CLANG_ENABLE_OBJC_WEAK = YES;
				CLANG_WARN_BLOCK_CAPTURE_AUTORELEASING = YES;
				CLANG_WARN_BOOL_CONVERSION = YES;
				CLANG_WARN_COMMA = YES;
				CLANG_WARN_CONSTANT_CONVERSION = YES;
				CLANG_WARN_DEPRECATED_OBJC_IMPLEMENTATIONS = YES;
				CLANG_WARN_DIRECT_OBJC_ISA_USAGE = YES_ERROR;
				CLANG_WARN_DOCUMENTATION_COMMENTS = YES;
				CLANG_WARN_EMPTY_BODY = YES;
				CLANG_WARN_ENUM_CONVERSION = YES;
				CLANG_WARN_INFINITE_RECURSION = YES;
				CLANG_WARN_INT_CONVERSION = YES;
				CLANG_WARN_NON_LITERAL_NULL_CONVERSION = YES;
				CLANG_WARN_OBJC_IMPLICIT_RETAIN_SELF = YES;
				CLANG_WARN_OBJC_LITERAL_CONVERSION = YES;
				CLANG_WARN_OBJC_ROOT_CLASS = YES_ERROR;
				CLANG_WARN_QUOTED_INCLUDE_IN_FRAMEWORK_HEADER = YES;
				CLANG_WARN_RANGE_LOOP_ANALYSIS = YES;
				CLANG_WARN_STRICT_PROTOTYPES = YES;
				CLANG_WARN_SUSPICIOUS_MOVE = YES;
				CLANG_WARN_UNGUARDED_AVAILABILITY = YES_AGGRESSIVE;
				CLANG_WARN_UNREACHABLE_CODE = YES;
				CLANG_WARN__DUPLICATE_METHOD_MATCH = YES;
				COPY_PHASE_STRIP = NO;
				DEBUG_INFORMATION_FORMAT = dwarf;
				ENABLE_STRICT_OBJC_MSGSEND = YES;
				ENABLE_TESTABILITY = YES;
				GCC_C_LANGUAGE_STANDARD = gnu11;
				GCC_DYNAMIC_NO_PIC = NO;
				GCC_NO_COMMON_BLOCKS = YES;
				GCC_OPTIMIZATION_LEVEL = 0;
				GCC_PREPROCESSOR_DEFINITIONS = (
					"DEBUG=1",
					"$(inherited)",
				);
				GCC_WARN_64_TO_32_BIT_CONVERSION = YES;
				GCC_WARN_ABOUT_RETURN_TYPE = YES_ERROR;
				GCC_WARN_UNDECLARED_SELECTOR = YES;
				GCC_WARN_UNINITIALIZED_AUTOS = YES_AGGRESSIVE;
				GCC_WARN_UNUSED_FUNCTION = YES;
				GCC_WARN_UNUSED_VARIABLE = YES;
				IPHONEOS_DEPLOYMENT_TARGET = 15.0;
				MTL_ENABLE_DEBUG_INFO = INCLUDE_SOURCE;
				MTL_FAST_MATH = YES;
				ONLY_ACTIVE_ARCH = YES;
				SDKROOT = iphoneos;
				SWIFT_ACTIVE_COMPILATION_CONDITIONS = DEBUG;
				SWIFT_OPTIMIZATION_LEVEL = "-Onone";
			};
			name = Debug;
		};
		1A86AFA32947872A00C30138 /* Release */ = {
			isa = XCBuildConfiguration;
			buildSettings = {
				ALWAYS_SEARCH_USER_PATHS = NO;
				CLANG_ANALYZER_NONNULL = YES;
				CLANG_ANALYZER_NUMBER_OBJECT_CONVERSION = YES_AGGRESSIVE;
				CLANG_CXX_LANGUAGE_STANDARD = "gnu++20";
				CLANG_ENABLE_MODULES = YES;
				CLANG_ENABLE_OBJC_ARC = YES;
				CLANG_ENABLE_OBJC_WEAK = YES;
				CLANG_WARN_BLOCK_CAPTURE_AUTORELEASING = YES;
				CLANG_WARN_BOOL_CONVERSION = YES;
				CLANG_WARN_COMMA = YES;
				CLANG_WARN_CONSTANT_CONVERSION = YES;
				CLANG_WARN_DEPRECATED_OBJC_IMPLEMENTATIONS = YES;
				CLANG_WARN_DIRECT_OBJC_ISA_USAGE = YES_ERROR;
				CLANG_WARN_DOCUMENTATION_COMMENTS = YES;
				CLANG_WARN_EMPTY_BODY = YES;
				CLANG_WARN_ENUM_CONVERSION = YES;
				CLANG_WARN_INFINITE_RECURSION = YES;
				CLANG_WARN_INT_CONVERSION = YES;
				CLANG_WARN_NON_LITERAL_NULL_CONVERSION = YES;
				CLANG_WARN_OBJC_IMPLICIT_RETAIN_SELF = YES;
				CLANG_WARN_OBJC_LITERAL_CONVERSION = YES;
				CLANG_WARN_OBJC_ROOT_CLASS = YES_ERROR;
				CLANG_WARN_QUOTED_INCLUDE_IN_FRAMEWORK_HEADER = YES;
				CLANG_WARN_RANGE_LOOP_ANALYSIS = YES;
				CLANG_WARN_STRICT_PROTOTYPES = YES;
				CLANG_WARN_SUSPICIOUS_MOVE = YES;
				CLANG_WARN_UNGUARDED_AVAILABILITY = YES_AGGRESSIVE;
				CLANG_WARN_UNREACHABLE_CODE = YES;
				CLANG_WARN__DUPLICATE_METHOD_MATCH = YES;
				COPY_PHASE_STRIP = NO;
				DEBUG_INFORMATION_FORMAT = "dwarf-with-dsym";
				ENABLE_NS_ASSERTIONS = NO;
				ENABLE_STRICT_OBJC_MSGSEND = YES;
				GCC_C_LANGUAGE_STANDARD = gnu11;
				GCC_NO_COMMON_BLOCKS = YES;
				GCC_WARN_64_TO_32_BIT_CONVERSION = YES;
				GCC_WARN_ABOUT_RETURN_TYPE = YES_ERROR;
				GCC_WARN_UNDECLARED_SELECTOR = YES;
				GCC_WARN_UNINITIALIZED_AUTOS = YES_AGGRESSIVE;
				GCC_WARN_UNUSED_FUNCTION = YES;
				GCC_WARN_UNUSED_VARIABLE = YES;
				IPHONEOS_DEPLOYMENT_TARGET = 15.0;
				MTL_ENABLE_DEBUG_INFO = NO;
				MTL_FAST_MATH = YES;
				SDKROOT = iphoneos;
				SWIFT_COMPILATION_MODE = wholemodule;
				SWIFT_OPTIMIZATION_LEVEL = "-O";
				VALIDATE_PRODUCT = YES;
			};
			name = Release;
		};
		1A86AFA52947872A00C30138 /* Debug */ = {
			isa = XCBuildConfiguration;
			buildSettings = {
				ASSETCATALOG_COMPILER_APPICON_NAME = AppIcon;
				ASSETCATALOG_COMPILER_GLOBAL_ACCENT_COLOR_NAME = AccentColor;
				CODE_SIGN_STYLE = Automatic;
				CURRENT_PROJECT_VERSION = 1;
				DEVELOPMENT_TEAM = BZD66Y59V5;
				GENERATE_INFOPLIST_FILE = YES;
				INFOPLIST_FILE = Tutorial3478/Info.plist;
				INFOPLIST_KEY_UIApplicationSupportsIndirectInputEvents = YES;
				INFOPLIST_KEY_UILaunchStoryboardName = LaunchScreen;
				INFOPLIST_KEY_UIMainStoryboardFile = Main;
				INFOPLIST_KEY_UISupportedInterfaceOrientations_iPad = "UIInterfaceOrientationPortrait UIInterfaceOrientationPortraitUpsideDown UIInterfaceOrientationLandscapeLeft UIInterfaceOrientationLandscapeRight";
				INFOPLIST_KEY_UISupportedInterfaceOrientations_iPhone = "UIInterfaceOrientationPortrait UIInterfaceOrientationLandscapeLeft UIInterfaceOrientationLandscapeRight";
				IPHONEOS_DEPLOYMENT_TARGET = 15.0;
				LD_RUNPATH_SEARCH_PATHS = (
					"$(inherited)",
					"@executable_path/Frameworks",
				);
				MARKETING_VERSION = 1.0;
				PRODUCT_BUNDLE_IDENTIFIER = DuyThai.Tutorial3478;
				PRODUCT_NAME = "$(TARGET_NAME)";
				SWIFT_EMIT_LOC_STRINGS = YES;
				SWIFT_VERSION = 5.0;
				TARGETED_DEVICE_FAMILY = "1,2";
			};
			name = Debug;
		};
		1A86AFA62947872A00C30138 /* Release */ = {
			isa = XCBuildConfiguration;
			buildSettings = {
				ASSETCATALOG_COMPILER_APPICON_NAME = AppIcon;
				ASSETCATALOG_COMPILER_GLOBAL_ACCENT_COLOR_NAME = AccentColor;
				CODE_SIGN_STYLE = Automatic;
				CURRENT_PROJECT_VERSION = 1;
				DEVELOPMENT_TEAM = BZD66Y59V5;
				GENERATE_INFOPLIST_FILE = YES;
				INFOPLIST_FILE = Tutorial3478/Info.plist;
				INFOPLIST_KEY_UIApplicationSupportsIndirectInputEvents = YES;
				INFOPLIST_KEY_UILaunchStoryboardName = LaunchScreen;
				INFOPLIST_KEY_UIMainStoryboardFile = Main;
				INFOPLIST_KEY_UISupportedInterfaceOrientations_iPad = "UIInterfaceOrientationPortrait UIInterfaceOrientationPortraitUpsideDown UIInterfaceOrientationLandscapeLeft UIInterfaceOrientationLandscapeRight";
				INFOPLIST_KEY_UISupportedInterfaceOrientations_iPhone = "UIInterfaceOrientationPortrait UIInterfaceOrientationLandscapeLeft UIInterfaceOrientationLandscapeRight";
				IPHONEOS_DEPLOYMENT_TARGET = 15.0;
				LD_RUNPATH_SEARCH_PATHS = (
					"$(inherited)",
					"@executable_path/Frameworks",
				);
				MARKETING_VERSION = 1.0;
				PRODUCT_BUNDLE_IDENTIFIER = DuyThai.Tutorial3478;
				PRODUCT_NAME = "$(TARGET_NAME)";
				SWIFT_EMIT_LOC_STRINGS = YES;
				SWIFT_VERSION = 5.0;
				TARGETED_DEVICE_FAMILY = "1,2";
			};
			name = Release;
		};
		1A86AFA82947872A00C30138 /* Debug */ = {
			isa = XCBuildConfiguration;
			buildSettings = {
				ALWAYS_EMBED_SWIFT_STANDARD_LIBRARIES = YES;
				BUNDLE_LOADER = "$(TEST_HOST)";
				CODE_SIGN_STYLE = Automatic;
				CURRENT_PROJECT_VERSION = 1;
				DEVELOPMENT_TEAM = BZD66Y59V5;
				GENERATE_INFOPLIST_FILE = YES;
				IPHONEOS_DEPLOYMENT_TARGET = 16.1;
				MARKETING_VERSION = 1.0;
				PRODUCT_BUNDLE_IDENTIFIER = DuyThai.Tutorial3478Tests;
				PRODUCT_NAME = "$(TARGET_NAME)";
				SWIFT_EMIT_LOC_STRINGS = NO;
				SWIFT_VERSION = 5.0;
				TARGETED_DEVICE_FAMILY = "1,2";
				TEST_HOST = "$(BUILT_PRODUCTS_DIR)/Tutorial3478.app/$(BUNDLE_EXECUTABLE_FOLDER_PATH)/Tutorial3478";
			};
			name = Debug;
		};
		1A86AFA92947872A00C30138 /* Release */ = {
			isa = XCBuildConfiguration;
			buildSettings = {
				ALWAYS_EMBED_SWIFT_STANDARD_LIBRARIES = YES;
				BUNDLE_LOADER = "$(TEST_HOST)";
				CODE_SIGN_STYLE = Automatic;
				CURRENT_PROJECT_VERSION = 1;
				DEVELOPMENT_TEAM = BZD66Y59V5;
				GENERATE_INFOPLIST_FILE = YES;
				IPHONEOS_DEPLOYMENT_TARGET = 16.1;
				MARKETING_VERSION = 1.0;
				PRODUCT_BUNDLE_IDENTIFIER = DuyThai.Tutorial3478Tests;
				PRODUCT_NAME = "$(TARGET_NAME)";
				SWIFT_EMIT_LOC_STRINGS = NO;
				SWIFT_VERSION = 5.0;
				TARGETED_DEVICE_FAMILY = "1,2";
				TEST_HOST = "$(BUILT_PRODUCTS_DIR)/Tutorial3478.app/$(BUNDLE_EXECUTABLE_FOLDER_PATH)/Tutorial3478";
			};
			name = Release;
		};
		1A86AFAB2947872A00C30138 /* Debug */ = {
			isa = XCBuildConfiguration;
			buildSettings = {
				ALWAYS_EMBED_SWIFT_STANDARD_LIBRARIES = YES;
				CODE_SIGN_STYLE = Automatic;
				CURRENT_PROJECT_VERSION = 1;
				DEVELOPMENT_TEAM = BZD66Y59V5;
				GENERATE_INFOPLIST_FILE = YES;
				MARKETING_VERSION = 1.0;
				PRODUCT_BUNDLE_IDENTIFIER = DuyThai.Tutorial3478UITests;
				PRODUCT_NAME = "$(TARGET_NAME)";
				SWIFT_EMIT_LOC_STRINGS = NO;
				SWIFT_VERSION = 5.0;
				TARGETED_DEVICE_FAMILY = "1,2";
				TEST_TARGET_NAME = Tutorial3478;
			};
			name = Debug;
		};
		1A86AFAC2947872A00C30138 /* Release */ = {
			isa = XCBuildConfiguration;
			buildSettings = {
				ALWAYS_EMBED_SWIFT_STANDARD_LIBRARIES = YES;
				CODE_SIGN_STYLE = Automatic;
				CURRENT_PROJECT_VERSION = 1;
				DEVELOPMENT_TEAM = BZD66Y59V5;
				GENERATE_INFOPLIST_FILE = YES;
				MARKETING_VERSION = 1.0;
				PRODUCT_BUNDLE_IDENTIFIER = DuyThai.Tutorial3478UITests;
				PRODUCT_NAME = "$(TARGET_NAME)";
				SWIFT_EMIT_LOC_STRINGS = NO;
				SWIFT_VERSION = 5.0;
				TARGETED_DEVICE_FAMILY = "1,2";
				TEST_TARGET_NAME = Tutorial3478;
			};
			name = Release;
		};
/* End XCBuildConfiguration section */

/* Begin XCConfigurationList section */
		1A86AF722947872800C30138 /* Build configuration list for PBXProject "Tutorial3478" */ = {
			isa = XCConfigurationList;
			buildConfigurations = (
				1A86AFA22947872A00C30138 /* Debug */,
				1A86AFA32947872A00C30138 /* Release */,
			);
			defaultConfigurationIsVisible = 0;
			defaultConfigurationName = Release;
		};
		1A86AFA42947872A00C30138 /* Build configuration list for PBXNativeTarget "Tutorial3478" */ = {
			isa = XCConfigurationList;
			buildConfigurations = (
				1A86AFA52947872A00C30138 /* Debug */,
				1A86AFA62947872A00C30138 /* Release */,
			);
			defaultConfigurationIsVisible = 0;
			defaultConfigurationName = Release;
		};
		1A86AFA72947872A00C30138 /* Build configuration list for PBXNativeTarget "Tutorial3478Tests" */ = {
			isa = XCConfigurationList;
			buildConfigurations = (
				1A86AFA82947872A00C30138 /* Debug */,
				1A86AFA92947872A00C30138 /* Release */,
			);
			defaultConfigurationIsVisible = 0;
			defaultConfigurationName = Release;
		};
		1A86AFAA2947872A00C30138 /* Build configuration list for PBXNativeTarget "Tutorial3478UITests" */ = {
			isa = XCConfigurationList;
			buildConfigurations = (
				1A86AFAB2947872A00C30138 /* Debug */,
				1A86AFAC2947872A00C30138 /* Release */,
			);
			defaultConfigurationIsVisible = 0;
			defaultConfigurationName = Release;
		};
/* End XCConfigurationList section */

/* Begin XCVersionGroup section */
		1A86AF832947872800C30138 /* Tutorial3478.xcdatamodeld */ = {
			isa = XCVersionGroup;
			children = (
				1A86AF842947872800C30138 /* Tutorial3478.xcdatamodel */,
			);
			currentVersion = 1A86AF842947872800C30138 /* Tutorial3478.xcdatamodel */;
			path = Tutorial3478.xcdatamodeld;
			sourceTree = "<group>";
			versionGroupType = wrapper.xcdatamodel;
		};
/* End XCVersionGroup section */
	};
	rootObject = 1A86AF6F2947872800C30138 /* Project object */;
}
